// !$*UTF8*$!
{
	archiveVersion = 1;
	classes = {
	};
	objectVersion = 56;
	objects = {

/* Begin PBXBuildFile section */
		7A2CBF622AE2E5A4009995CF /* SearchViewDataItem.swift in Sources */ = {isa = PBXBuildFile; fileRef = 7A2CBF612AE2E5A4009995CF /* SearchViewDataItem.swift */; };
		7A2CBF642AE2ECB8009995CF /* SearchViewCell.swift in Sources */ = {isa = PBXBuildFile; fileRef = 7A2CBF632AE2ECB8009995CF /* SearchViewCell.swift */; };
		7A2CBF662AE2EF87009995CF /* UITableViewCell+ID.swift in Sources */ = {isa = PBXBuildFile; fileRef = 7A2CBF652AE2EF87009995CF /* UITableViewCell+ID.swift */; };
		7A2CBF692AE2F784009995CF /* Drink+Helper.swift in Sources */ = {isa = PBXBuildFile; fileRef = 7A2CBF682AE2F784009995CF /* Drink+Helper.swift */; };
		7A2CBF6C2AE320B0009995CF /* DetailViewController.swift in Sources */ = {isa = PBXBuildFile; fileRef = 7A2CBF6B2AE320B0009995CF /* DetailViewController.swift */; };
		7A2CBF6E2AE320BF009995CF /* DetailViewModel.swift in Sources */ = {isa = PBXBuildFile; fileRef = 7A2CBF6D2AE320BF009995CF /* DetailViewModel.swift */; };
		7A2CBF702AE320D8009995CF /* DetailViewUI.swift in Sources */ = {isa = PBXBuildFile; fileRef = 7A2CBF6F2AE320D8009995CF /* DetailViewUI.swift */; };
		7A2CBF722AE33030009995CF /* DetailViewDataItem.swift in Sources */ = {isa = PBXBuildFile; fileRef = 7A2CBF712AE33030009995CF /* DetailViewDataItem.swift */; };
		7A2CBF742AE3CB3E009995CF /* DetailHeaderView.swift in Sources */ = {isa = PBXBuildFile; fileRef = 7A2CBF732AE3CB3E009995CF /* DetailHeaderView.swift */; };
		7A2CBF762AE3D1D5009995CF /* UIEdgeInsets+Additions.swift in Sources */ = {isa = PBXBuildFile; fileRef = 7A2CBF752AE3D1D5009995CF /* UIEdgeInsets+Additions.swift */; };
		7A2CBF782AE3F99D009995CF /* DetailViewCell.swift in Sources */ = {isa = PBXBuildFile; fileRef = 7A2CBF772AE3F99D009995CF /* DetailViewCell.swift */; };
		7A2CBF7C2AE40F7C009995CF /* TagView.swift in Sources */ = {isa = PBXBuildFile; fileRef = 7A2CBF7B2AE40F7C009995CF /* TagView.swift */; };
		7A2CBF7E2AE46ECB009995CF /* SFSymbols.swift in Sources */ = {isa = PBXBuildFile; fileRef = 7A2CBF7D2AE46ECB009995CF /* SFSymbols.swift */; };
		7A2CBF812AE555BA009995CF /* VibrancyButton.swift in Sources */ = {isa = PBXBuildFile; fileRef = 7A2CBF802AE555BA009995CF /* VibrancyButton.swift */; };
		7A2CBF832AE567C0009995CF /* UINavigationBar+Transparency.swift in Sources */ = {isa = PBXBuildFile; fileRef = 7A2CBF822AE567C0009995CF /* UINavigationBar+Transparency.swift */; };
		7A2CBF852AE5C4BB009995CF /* WebImageLoader.swift in Sources */ = {isa = PBXBuildFile; fileRef = 7A2CBF842AE5C4BB009995CF /* WebImageLoader.swift */; };
		7ABDDABF2AE8133B00F13D8C /* SmartSearchFilter.swift in Sources */ = {isa = PBXBuildFile; fileRef = 7ABDDABE2AE8133B00F13D8C /* SmartSearchFilter.swift */; };
		7ABDDAC12AE834AD00F13D8C /* String+Numbers.swift in Sources */ = {isa = PBXBuildFile; fileRef = 7ABDDAC02AE834AD00F13D8C /* String+Numbers.swift */; };
		7AD9AF332AE192840010A141 /* AppDelegate.swift in Sources */ = {isa = PBXBuildFile; fileRef = 7AD9AF322AE192840010A141 /* AppDelegate.swift */; };
		7AD9AF352AE192840010A141 /* SceneDelegate.swift in Sources */ = {isa = PBXBuildFile; fileRef = 7AD9AF342AE192840010A141 /* SceneDelegate.swift */; };
		7AD9AF372AE192840010A141 /* SearchViewController.swift in Sources */ = {isa = PBXBuildFile; fileRef = 7AD9AF362AE192840010A141 /* SearchViewController.swift */; };
		7AD9AF3D2AE192840010A141 /* Cocktails.xcdatamodeld in Sources */ = {isa = PBXBuildFile; fileRef = 7AD9AF3B2AE192840010A141 /* Cocktails.xcdatamodeld */; };
		7AD9AF3F2AE192870010A141 /* Assets.xcassets in Resources */ = {isa = PBXBuildFile; fileRef = 7AD9AF3E2AE192870010A141 /* Assets.xcassets */; };
		7AD9AF422AE192870010A141 /* LaunchScreen.storyboard in Resources */ = {isa = PBXBuildFile; fileRef = 7AD9AF402AE192870010A141 /* LaunchScreen.storyboard */; };
		7AD9AF4D2AE192870010A141 /* CocktailsTests.swift in Sources */ = {isa = PBXBuildFile; fileRef = 7AD9AF4C2AE192870010A141 /* CocktailsTests.swift */; };
		7AD9AF572AE192870010A141 /* CocktailsUITests.swift in Sources */ = {isa = PBXBuildFile; fileRef = 7AD9AF562AE192870010A141 /* CocktailsUITests.swift */; };
		7AD9AF592AE192870010A141 /* CocktailsUITestsLaunchTests.swift in Sources */ = {isa = PBXBuildFile; fileRef = 7AD9AF582AE192870010A141 /* CocktailsUITestsLaunchTests.swift */; };
		7AD9AF692AE1A1D50010A141 /* SearchViewUI.swift in Sources */ = {isa = PBXBuildFile; fileRef = 7AD9AF682AE1A1D50010A141 /* SearchViewUI.swift */; };
		7AD9AF6B2AE1A1E60010A141 /* SearchViewModel.swift in Sources */ = {isa = PBXBuildFile; fileRef = 7AD9AF6A2AE1A1E60010A141 /* SearchViewModel.swift */; };
		7AD9AF6D2AE1A5070010A141 /* ViewCoordinator.swift in Sources */ = {isa = PBXBuildFile; fileRef = 7AD9AF6C2AE1A5070010A141 /* ViewCoordinator.swift */; };
		7AD9AF722AE1A6310010A141 /* ViewModel.swift in Sources */ = {isa = PBXBuildFile; fileRef = 7AD9AF712AE1A6310010A141 /* ViewModel.swift */; };
		7AD9AF792AE1B40F0010A141 /* Strings.swift in Sources */ = {isa = PBXBuildFile; fileRef = 7AD9AF782AE1B40F0010A141 /* Strings.swift */; };
		7AD9AF7B2AE1B8290010A141 /* UIView+Anchors.swift in Sources */ = {isa = PBXBuildFile; fileRef = 7AD9AF7A2AE1B8280010A141 /* UIView+Anchors.swift */; };
		7AD9AF7E2AE1C3050010A141 /* EmptyDatasetView.swift in Sources */ = {isa = PBXBuildFile; fileRef = 7AD9AF7D2AE1C3050010A141 /* EmptyDatasetView.swift */; };
		7AD9AF832AE1D27E0010A141 /* Styles.swift in Sources */ = {isa = PBXBuildFile; fileRef = 7AD9AF822AE1D27E0010A141 /* Styles.swift */; };
		7AD9AF852AE1DED20010A141 /* NSObject+Debounce.swift in Sources */ = {isa = PBXBuildFile; fileRef = 7AD9AF842AE1DED20010A141 /* NSObject+Debounce.swift */; };
		7AD9AF892AE1E5390010A141 /* API.swift in Sources */ = {isa = PBXBuildFile; fileRef = 7AD9AF882AE1E5390010A141 /* API.swift */; };
		7AD9AF8C2AE1E6310010A141 /* NetworkOperation.swift in Sources */ = {isa = PBXBuildFile; fileRef = 7AD9AF8B2AE1E6310010A141 /* NetworkOperation.swift */; };
		7AD9AF8E2AE1E64E0010A141 /* NetworkQueue.swift in Sources */ = {isa = PBXBuildFile; fileRef = 7AD9AF8D2AE1E64E0010A141 /* NetworkQueue.swift */; };
		7AD9AF902AE1EE190010A141 /* API+Model.swift in Sources */ = {isa = PBXBuildFile; fileRef = 7AD9AF8F2AE1EE190010A141 /* API+Model.swift */; };
		7AD9AF922AE25C890010A141 /* API+Endpoint.swift in Sources */ = {isa = PBXBuildFile; fileRef = 7AD9AF912AE25C890010A141 /* API+Endpoint.swift */; };
		7AD9AF952AE2919D0010A141 /* LocalData.swift in Sources */ = {isa = PBXBuildFile; fileRef = 7AD9AF942AE2919D0010A141 /* LocalData.swift */; };
		7AD9AF9C2AE2A06D0010A141 /* DictionaryRepresentable.swift in Sources */ = {isa = PBXBuildFile; fileRef = 7AD9AF9B2AE2A06D0010A141 /* DictionaryRepresentable.swift */; };
		7AD9AF9F2AE2A9480010A141 /* CoreDataStack.swift in Sources */ = {isa = PBXBuildFile; fileRef = 7AD9AF9E2AE2A9480010A141 /* CoreDataStack.swift */; };
/* End PBXBuildFile section */

/* Begin PBXContainerItemProxy section */
		7AD9AF492AE192870010A141 /* PBXContainerItemProxy */ = {
			isa = PBXContainerItemProxy;
			containerPortal = 7AD9AF272AE192840010A141 /* Project object */;
			proxyType = 1;
			remoteGlobalIDString = 7AD9AF2E2AE192840010A141;
			remoteInfo = Cocktails;
		};
		7AD9AF532AE192870010A141 /* PBXContainerItemProxy */ = {
			isa = PBXContainerItemProxy;
			containerPortal = 7AD9AF272AE192840010A141 /* Project object */;
			proxyType = 1;
			remoteGlobalIDString = 7AD9AF2E2AE192840010A141;
			remoteInfo = Cocktails;
		};
/* End PBXContainerItemProxy section */

/* Begin PBXFileReference section */
		7A2CBF612AE2E5A4009995CF /* SearchViewDataItem.swift */ = {isa = PBXFileReference; lastKnownFileType = sourcecode.swift; path = SearchViewDataItem.swift; sourceTree = "<group>"; };
		7A2CBF632AE2ECB8009995CF /* SearchViewCell.swift */ = {isa = PBXFileReference; lastKnownFileType = sourcecode.swift; path = SearchViewCell.swift; sourceTree = "<group>"; };
		7A2CBF652AE2EF87009995CF /* UITableViewCell+ID.swift */ = {isa = PBXFileReference; lastKnownFileType = sourcecode.swift; path = "UITableViewCell+ID.swift"; sourceTree = "<group>"; };
		7A2CBF682AE2F784009995CF /* Drink+Helper.swift */ = {isa = PBXFileReference; lastKnownFileType = sourcecode.swift; path = "Drink+Helper.swift"; sourceTree = "<group>"; };
		7A2CBF6B2AE320B0009995CF /* DetailViewController.swift */ = {isa = PBXFileReference; lastKnownFileType = sourcecode.swift; path = DetailViewController.swift; sourceTree = "<group>"; };
		7A2CBF6D2AE320BF009995CF /* DetailViewModel.swift */ = {isa = PBXFileReference; lastKnownFileType = sourcecode.swift; path = DetailViewModel.swift; sourceTree = "<group>"; };
		7A2CBF6F2AE320D8009995CF /* DetailViewUI.swift */ = {isa = PBXFileReference; lastKnownFileType = sourcecode.swift; path = DetailViewUI.swift; sourceTree = "<group>"; };
		7A2CBF712AE33030009995CF /* DetailViewDataItem.swift */ = {isa = PBXFileReference; lastKnownFileType = sourcecode.swift; path = DetailViewDataItem.swift; sourceTree = "<group>"; };
		7A2CBF732AE3CB3E009995CF /* DetailHeaderView.swift */ = {isa = PBXFileReference; lastKnownFileType = sourcecode.swift; path = DetailHeaderView.swift; sourceTree = "<group>"; };
		7A2CBF752AE3D1D5009995CF /* UIEdgeInsets+Additions.swift */ = {isa = PBXFileReference; lastKnownFileType = sourcecode.swift; path = "UIEdgeInsets+Additions.swift"; sourceTree = "<group>"; };
		7A2CBF772AE3F99D009995CF /* DetailViewCell.swift */ = {isa = PBXFileReference; lastKnownFileType = sourcecode.swift; path = DetailViewCell.swift; sourceTree = "<group>"; };
		7A2CBF7B2AE40F7C009995CF /* TagView.swift */ = {isa = PBXFileReference; lastKnownFileType = sourcecode.swift; path = TagView.swift; sourceTree = "<group>"; };
		7A2CBF7D2AE46ECB009995CF /* SFSymbols.swift */ = {isa = PBXFileReference; lastKnownFileType = sourcecode.swift; path = SFSymbols.swift; sourceTree = "<group>"; };
		7A2CBF802AE555BA009995CF /* VibrancyButton.swift */ = {isa = PBXFileReference; lastKnownFileType = sourcecode.swift; path = VibrancyButton.swift; sourceTree = "<group>"; };
		7A2CBF822AE567C0009995CF /* UINavigationBar+Transparency.swift */ = {isa = PBXFileReference; lastKnownFileType = sourcecode.swift; path = "UINavigationBar+Transparency.swift"; sourceTree = "<group>"; };
		7A2CBF842AE5C4BB009995CF /* WebImageLoader.swift */ = {isa = PBXFileReference; lastKnownFileType = sourcecode.swift; path = WebImageLoader.swift; sourceTree = "<group>"; };
		7ABDDABE2AE8133B00F13D8C /* SmartSearchFilter.swift */ = {isa = PBXFileReference; lastKnownFileType = sourcecode.swift; path = SmartSearchFilter.swift; sourceTree = "<group>"; };
		7ABDDAC02AE834AD00F13D8C /* String+Numbers.swift */ = {isa = PBXFileReference; lastKnownFileType = sourcecode.swift; path = "String+Numbers.swift"; sourceTree = "<group>"; };
		7AD9AF2F2AE192840010A141 /* Cocktails.app */ = {isa = PBXFileReference; explicitFileType = wrapper.application; includeInIndex = 0; path = Cocktails.app; sourceTree = BUILT_PRODUCTS_DIR; };
		7AD9AF322AE192840010A141 /* AppDelegate.swift */ = {isa = PBXFileReference; lastKnownFileType = sourcecode.swift; path = AppDelegate.swift; sourceTree = "<group>"; };
		7AD9AF342AE192840010A141 /* SceneDelegate.swift */ = {isa = PBXFileReference; lastKnownFileType = sourcecode.swift; path = SceneDelegate.swift; sourceTree = "<group>"; };
		7AD9AF362AE192840010A141 /* SearchViewController.swift */ = {isa = PBXFileReference; lastKnownFileType = sourcecode.swift; path = SearchViewController.swift; sourceTree = "<group>"; };
		7AD9AF3C2AE192840010A141 /* Cocktails.xcdatamodel */ = {isa = PBXFileReference; lastKnownFileType = wrapper.xcdatamodel; path = Cocktails.xcdatamodel; sourceTree = "<group>"; };
		7AD9AF3E2AE192870010A141 /* Assets.xcassets */ = {isa = PBXFileReference; lastKnownFileType = folder.assetcatalog; path = Assets.xcassets; sourceTree = "<group>"; };
		7AD9AF412AE192870010A141 /* Base */ = {isa = PBXFileReference; lastKnownFileType = file.storyboard; name = Base; path = Base.lproj/LaunchScreen.storyboard; sourceTree = "<group>"; };
		7AD9AF432AE192870010A141 /* Info.plist */ = {isa = PBXFileReference; lastKnownFileType = text.plist.xml; path = Info.plist; sourceTree = "<group>"; };
		7AD9AF482AE192870010A141 /* CocktailsTests.xctest */ = {isa = PBXFileReference; explicitFileType = wrapper.cfbundle; includeInIndex = 0; path = CocktailsTests.xctest; sourceTree = BUILT_PRODUCTS_DIR; };
		7AD9AF4C2AE192870010A141 /* CocktailsTests.swift */ = {isa = PBXFileReference; lastKnownFileType = sourcecode.swift; path = CocktailsTests.swift; sourceTree = "<group>"; };
		7AD9AF522AE192870010A141 /* CocktailsUITests.xctest */ = {isa = PBXFileReference; explicitFileType = wrapper.cfbundle; includeInIndex = 0; path = CocktailsUITests.xctest; sourceTree = BUILT_PRODUCTS_DIR; };
		7AD9AF562AE192870010A141 /* CocktailsUITests.swift */ = {isa = PBXFileReference; lastKnownFileType = sourcecode.swift; path = CocktailsUITests.swift; sourceTree = "<group>"; };
		7AD9AF582AE192870010A141 /* CocktailsUITestsLaunchTests.swift */ = {isa = PBXFileReference; lastKnownFileType = sourcecode.swift; path = CocktailsUITestsLaunchTests.swift; sourceTree = "<group>"; };
		7AD9AF682AE1A1D50010A141 /* SearchViewUI.swift */ = {isa = PBXFileReference; lastKnownFileType = sourcecode.swift; path = SearchViewUI.swift; sourceTree = "<group>"; };
		7AD9AF6A2AE1A1E60010A141 /* SearchViewModel.swift */ = {isa = PBXFileReference; lastKnownFileType = sourcecode.swift; path = SearchViewModel.swift; sourceTree = "<group>"; };
		7AD9AF6C2AE1A5070010A141 /* ViewCoordinator.swift */ = {isa = PBXFileReference; lastKnownFileType = sourcecode.swift; path = ViewCoordinator.swift; sourceTree = "<group>"; };
		7AD9AF712AE1A6310010A141 /* ViewModel.swift */ = {isa = PBXFileReference; lastKnownFileType = sourcecode.swift; path = ViewModel.swift; sourceTree = "<group>"; };
		7AD9AF782AE1B40F0010A141 /* Strings.swift */ = {isa = PBXFileReference; lastKnownFileType = sourcecode.swift; path = Strings.swift; sourceTree = "<group>"; };
		7AD9AF7A2AE1B8280010A141 /* UIView+Anchors.swift */ = {isa = PBXFileReference; fileEncoding = 4; lastKnownFileType = sourcecode.swift; path = "UIView+Anchors.swift"; sourceTree = "<group>"; };
		7AD9AF7D2AE1C3050010A141 /* EmptyDatasetView.swift */ = {isa = PBXFileReference; lastKnownFileType = sourcecode.swift; path = EmptyDatasetView.swift; sourceTree = "<group>"; };
		7AD9AF822AE1D27E0010A141 /* Styles.swift */ = {isa = PBXFileReference; lastKnownFileType = sourcecode.swift; path = Styles.swift; sourceTree = "<group>"; };
		7AD9AF842AE1DED20010A141 /* NSObject+Debounce.swift */ = {isa = PBXFileReference; lastKnownFileType = sourcecode.swift; path = "NSObject+Debounce.swift"; sourceTree = "<group>"; };
		7AD9AF882AE1E5390010A141 /* API.swift */ = {isa = PBXFileReference; lastKnownFileType = sourcecode.swift; path = API.swift; sourceTree = "<group>"; };
		7AD9AF8B2AE1E6310010A141 /* NetworkOperation.swift */ = {isa = PBXFileReference; lastKnownFileType = sourcecode.swift; path = NetworkOperation.swift; sourceTree = "<group>"; };
		7AD9AF8D2AE1E64E0010A141 /* NetworkQueue.swift */ = {isa = PBXFileReference; lastKnownFileType = sourcecode.swift; path = NetworkQueue.swift; sourceTree = "<group>"; };
		7AD9AF8F2AE1EE190010A141 /* API+Model.swift */ = {isa = PBXFileReference; lastKnownFileType = sourcecode.swift; path = "API+Model.swift"; sourceTree = "<group>"; };
		7AD9AF912AE25C890010A141 /* API+Endpoint.swift */ = {isa = PBXFileReference; lastKnownFileType = sourcecode.swift; path = "API+Endpoint.swift"; sourceTree = "<group>"; };
		7AD9AF942AE2919D0010A141 /* LocalData.swift */ = {isa = PBXFileReference; lastKnownFileType = sourcecode.swift; path = LocalData.swift; sourceTree = "<group>"; };
		7AD9AF9B2AE2A06D0010A141 /* DictionaryRepresentable.swift */ = {isa = PBXFileReference; lastKnownFileType = sourcecode.swift; path = DictionaryRepresentable.swift; sourceTree = "<group>"; };
		7AD9AF9E2AE2A9480010A141 /* CoreDataStack.swift */ = {isa = PBXFileReference; lastKnownFileType = sourcecode.swift; path = CoreDataStack.swift; sourceTree = "<group>"; };
/* End PBXFileReference section */

/* Begin PBXFrameworksBuildPhase section */
		7AD9AF2C2AE192840010A141 /* Frameworks */ = {
			isa = PBXFrameworksBuildPhase;
			buildActionMask = 2147483647;
			files = (
			);
			runOnlyForDeploymentPostprocessing = 0;
		};
		7AD9AF452AE192870010A141 /* Frameworks */ = {
			isa = PBXFrameworksBuildPhase;
			buildActionMask = 2147483647;
			files = (
			);
			runOnlyForDeploymentPostprocessing = 0;
		};
		7AD9AF4F2AE192870010A141 /* Frameworks */ = {
			isa = PBXFrameworksBuildPhase;
			buildActionMask = 2147483647;
			files = (
			);
			runOnlyForDeploymentPostprocessing = 0;
		};
/* End PBXFrameworksBuildPhase section */

/* Begin PBXGroup section */
		7A2CBF6A2AE3209E009995CF /* Detail */ = {
			isa = PBXGroup;
			children = (
				7A2CBF6B2AE320B0009995CF /* DetailViewController.swift */,
				7A2CBF6F2AE320D8009995CF /* DetailViewUI.swift */,
				7A2CBF6D2AE320BF009995CF /* DetailViewModel.swift */,
				7A2CBF712AE33030009995CF /* DetailViewDataItem.swift */,
				7A2CBF732AE3CB3E009995CF /* DetailHeaderView.swift */,
				7A2CBF772AE3F99D009995CF /* DetailViewCell.swift */,
			);
			path = Detail;
			sourceTree = "<group>";
		};
		7A2CBF7F2AE55506009995CF /* Buttons */ = {
			isa = PBXGroup;
			children = (
				7A2CBF802AE555BA009995CF /* VibrancyButton.swift */,
			);
			path = Buttons;
			sourceTree = "<group>";
		};
		7AD9AF262AE192840010A141 = {
			isa = PBXGroup;
			children = (
				7AD9AF312AE192840010A141 /* Cocktails */,
				7AD9AF4B2AE192870010A141 /* CocktailsTests */,
				7AD9AF552AE192870010A141 /* CocktailsUITests */,
				7AD9AF302AE192840010A141 /* Products */,
			);
			sourceTree = "<group>";
		};
		7AD9AF302AE192840010A141 /* Products */ = {
			isa = PBXGroup;
			children = (
				7AD9AF2F2AE192840010A141 /* Cocktails.app */,
				7AD9AF482AE192870010A141 /* CocktailsTests.xctest */,
				7AD9AF522AE192870010A141 /* CocktailsUITests.xctest */,
			);
			name = Products;
			sourceTree = "<group>";
		};
		7AD9AF312AE192840010A141 /* Cocktails */ = {
			isa = PBXGroup;
			children = (
				7AD9AF322AE192840010A141 /* AppDelegate.swift */,
				7AD9AF342AE192840010A141 /* SceneDelegate.swift */,
				7AD9AF662AE1A1390010A141 /* UI */,
				7AD9AF862AE1E3370010A141 /* Business Logic */,
				7AD9AF3E2AE192870010A141 /* Assets.xcassets */,
				7AD9AF402AE192870010A141 /* LaunchScreen.storyboard */,
				7AD9AF432AE192870010A141 /* Info.plist */,
			);
			path = Cocktails;
			sourceTree = "<group>";
		};
		7AD9AF4B2AE192870010A141 /* CocktailsTests */ = {
			isa = PBXGroup;
			children = (
				7AD9AF4C2AE192870010A141 /* CocktailsTests.swift */,
			);
			path = CocktailsTests;
			sourceTree = "<group>";
		};
		7AD9AF552AE192870010A141 /* CocktailsUITests */ = {
			isa = PBXGroup;
			children = (
				7AD9AF562AE192870010A141 /* CocktailsUITests.swift */,
				7AD9AF582AE192870010A141 /* CocktailsUITestsLaunchTests.swift */,
			);
			path = CocktailsUITests;
			sourceTree = "<group>";
		};
		7AD9AF662AE1A1390010A141 /* UI */ = {
			isa = PBXGroup;
			children = (
				7AD9AF6C2AE1A5070010A141 /* ViewCoordinator.swift */,
				7AD9AF782AE1B40F0010A141 /* Strings.swift */,
				7AD9AF822AE1D27E0010A141 /* Styles.swift */,
				7AD9AF702AE1A6200010A141 /* Abstract */,
				7AD9AF672AE1A1740010A141 /* Search */,
				7A2CBF6A2AE3209E009995CF /* Detail */,
				7AD9AF7C2AE1C2EB0010A141 /* Components */,
				7AD9AF772AE1B24E0010A141 /* Extensions */,
			);
			path = UI;
			sourceTree = "<group>";
		};
		7AD9AF672AE1A1740010A141 /* Search */ = {
			isa = PBXGroup;
			children = (
				7AD9AF362AE192840010A141 /* SearchViewController.swift */,
				7AD9AF682AE1A1D50010A141 /* SearchViewUI.swift */,
				7AD9AF6A2AE1A1E60010A141 /* SearchViewModel.swift */,
				7A2CBF612AE2E5A4009995CF /* SearchViewDataItem.swift */,
				7A2CBF632AE2ECB8009995CF /* SearchViewCell.swift */,
			);
			path = Search;
			sourceTree = "<group>";
		};
		7AD9AF702AE1A6200010A141 /* Abstract */ = {
			isa = PBXGroup;
			children = (
				7AD9AF712AE1A6310010A141 /* ViewModel.swift */,
			);
			path = Abstract;
			sourceTree = "<group>";
		};
		7AD9AF772AE1B24E0010A141 /* Extensions */ = {
			isa = PBXGroup;
			children = (
				7AD9AF7A2AE1B8280010A141 /* UIView+Anchors.swift */,
				7AD9AF842AE1DED20010A141 /* NSObject+Debounce.swift */,
				7A2CBF652AE2EF87009995CF /* UITableViewCell+ID.swift */,
				7A2CBF752AE3D1D5009995CF /* UIEdgeInsets+Additions.swift */,
				7A2CBF7D2AE46ECB009995CF /* SFSymbols.swift */,
				7A2CBF822AE567C0009995CF /* UINavigationBar+Transparency.swift */,
			);
			path = Extensions;
			sourceTree = "<group>";
		};
		7AD9AF7C2AE1C2EB0010A141 /* Components */ = {
			isa = PBXGroup;
			children = (
				7A2CBF7F2AE55506009995CF /* Buttons */,
				7AD9AF7F2AE1C30B0010A141 /* Views */,
			);
			path = Components;
			sourceTree = "<group>";
		};
		7AD9AF7F2AE1C30B0010A141 /* Views */ = {
			isa = PBXGroup;
			children = (
				7AD9AF7D2AE1C3050010A141 /* EmptyDatasetView.swift */,
				7A2CBF7B2AE40F7C009995CF /* TagView.swift */,
			);
			path = Views;
			sourceTree = "<group>";
		};
		7AD9AF862AE1E3370010A141 /* Business Logic */ = {
			isa = PBXGroup;
			children = (
				7A2CBF842AE5C4BB009995CF /* WebImageLoader.swift */,
				7ABDDABE2AE8133B00F13D8C /* SmartSearchFilter.swift */,
				7AD9AF8A2AE1E6200010A141 /* API */,
				7AD9AF9D2AE2A93B0010A141 /* CoreData */,
				7AD9AF932AE2916E0010A141 /* LocalData */,
				7AD9AFA02AE2BD6F0010A141 /* Utility */,
			);
			path = "Business Logic";
			sourceTree = "<group>";
		};
		7AD9AF8A2AE1E6200010A141 /* API */ = {
			isa = PBXGroup;
			children = (
				7AD9AF882AE1E5390010A141 /* API.swift */,
				7AD9AF912AE25C890010A141 /* API+Endpoint.swift */,
				7AD9AF8F2AE1EE190010A141 /* API+Model.swift */,
				7AD9AF8B2AE1E6310010A141 /* NetworkOperation.swift */,
				7AD9AF8D2AE1E64E0010A141 /* NetworkQueue.swift */,
			);
			path = API;
			sourceTree = "<group>";
		};
		7AD9AF932AE2916E0010A141 /* LocalData */ = {
			isa = PBXGroup;
			children = (
				7AD9AF942AE2919D0010A141 /* LocalData.swift */,
				7AD9AF982AE298360010A141 /* Model */,
			);
			path = LocalData;
			sourceTree = "<group>";
		};
		7AD9AF982AE298360010A141 /* Model */ = {
			isa = PBXGroup;
			children = (
				7AD9AF3B2AE192840010A141 /* Cocktails.xcdatamodeld */,
				7A2CBF682AE2F784009995CF /* Drink+Helper.swift */,
			);
			path = Model;
			sourceTree = "<group>";
		};
		7AD9AF9D2AE2A93B0010A141 /* CoreData */ = {
			isa = PBXGroup;
			children = (
				7AD9AF9E2AE2A9480010A141 /* CoreDataStack.swift */,
			);
			path = CoreData;
			sourceTree = "<group>";
		};
		7AD9AFA02AE2BD6F0010A141 /* Utility */ = {
			isa = PBXGroup;
			children = (
				7AD9AF9B2AE2A06D0010A141 /* DictionaryRepresentable.swift */,
				7ABDDAC02AE834AD00F13D8C /* String+Numbers.swift */,
			);
			path = Utility;
			sourceTree = "<group>";
		};
/* End PBXGroup section */

/* Begin PBXNativeTarget section */
		7AD9AF2E2AE192840010A141 /* Cocktails */ = {
			isa = PBXNativeTarget;
			buildConfigurationList = 7AD9AF5C2AE192870010A141 /* Build configuration list for PBXNativeTarget "Cocktails" */;
			buildPhases = (
				7AD9AF2B2AE192840010A141 /* Sources */,
				7AD9AF2C2AE192840010A141 /* Frameworks */,
				7AD9AF2D2AE192840010A141 /* Resources */,
			);
			buildRules = (
			);
			dependencies = (
			);
			name = Cocktails;
			productName = Cocktails;
			productReference = 7AD9AF2F2AE192840010A141 /* Cocktails.app */;
			productType = "com.apple.product-type.application";
		};
		7AD9AF472AE192870010A141 /* CocktailsTests */ = {
			isa = PBXNativeTarget;
			buildConfigurationList = 7AD9AF5F2AE192870010A141 /* Build configuration list for PBXNativeTarget "CocktailsTests" */;
			buildPhases = (
				7AD9AF442AE192870010A141 /* Sources */,
				7AD9AF452AE192870010A141 /* Frameworks */,
				7AD9AF462AE192870010A141 /* Resources */,
			);
			buildRules = (
			);
			dependencies = (
				7AD9AF4A2AE192870010A141 /* PBXTargetDependency */,
			);
			name = CocktailsTests;
			productName = CocktailsTests;
			productReference = 7AD9AF482AE192870010A141 /* CocktailsTests.xctest */;
			productType = "com.apple.product-type.bundle.unit-test";
		};
		7AD9AF512AE192870010A141 /* CocktailsUITests */ = {
			isa = PBXNativeTarget;
			buildConfigurationList = 7AD9AF622AE192870010A141 /* Build configuration list for PBXNativeTarget "CocktailsUITests" */;
			buildPhases = (
				7AD9AF4E2AE192870010A141 /* Sources */,
				7AD9AF4F2AE192870010A141 /* Frameworks */,
				7AD9AF502AE192870010A141 /* Resources */,
			);
			buildRules = (
			);
			dependencies = (
				7AD9AF542AE192870010A141 /* PBXTargetDependency */,
			);
			name = CocktailsUITests;
			productName = CocktailsUITests;
			productReference = 7AD9AF522AE192870010A141 /* CocktailsUITests.xctest */;
			productType = "com.apple.product-type.bundle.ui-testing";
		};
/* End PBXNativeTarget section */

/* Begin PBXProject section */
		7AD9AF272AE192840010A141 /* Project object */ = {
			isa = PBXProject;
			attributes = {
				BuildIndependentTargetsInParallel = 1;
				LastSwiftUpdateCheck = 1500;
				LastUpgradeCheck = 1500;
				TargetAttributes = {
					7AD9AF2E2AE192840010A141 = {
						CreatedOnToolsVersion = 15.0;
					};
					7AD9AF472AE192870010A141 = {
						CreatedOnToolsVersion = 15.0;
						TestTargetID = 7AD9AF2E2AE192840010A141;
					};
					7AD9AF512AE192870010A141 = {
						CreatedOnToolsVersion = 15.0;
						TestTargetID = 7AD9AF2E2AE192840010A141;
					};
				};
			};
			buildConfigurationList = 7AD9AF2A2AE192840010A141 /* Build configuration list for PBXProject "Cocktails" */;
			compatibilityVersion = "Xcode 14.0";
			developmentRegion = en;
			hasScannedForEncodings = 0;
			knownRegions = (
				en,
				Base,
			);
			mainGroup = 7AD9AF262AE192840010A141;
			productRefGroup = 7AD9AF302AE192840010A141 /* Products */;
			projectDirPath = "";
			projectRoot = "";
			targets = (
				7AD9AF2E2AE192840010A141 /* Cocktails */,
				7AD9AF472AE192870010A141 /* CocktailsTests */,
				7AD9AF512AE192870010A141 /* CocktailsUITests */,
			);
		};
/* End PBXProject section */

/* Begin PBXResourcesBuildPhase section */
		7AD9AF2D2AE192840010A141 /* Resources */ = {
			isa = PBXResourcesBuildPhase;
			buildActionMask = 2147483647;
			files = (
				7AD9AF422AE192870010A141 /* LaunchScreen.storyboard in Resources */,
				7AD9AF3F2AE192870010A141 /* Assets.xcassets in Resources */,
			);
			runOnlyForDeploymentPostprocessing = 0;
		};
		7AD9AF462AE192870010A141 /* Resources */ = {
			isa = PBXResourcesBuildPhase;
			buildActionMask = 2147483647;
			files = (
			);
			runOnlyForDeploymentPostprocessing = 0;
		};
		7AD9AF502AE192870010A141 /* Resources */ = {
			isa = PBXResourcesBuildPhase;
			buildActionMask = 2147483647;
			files = (
			);
			runOnlyForDeploymentPostprocessing = 0;
		};
/* End PBXResourcesBuildPhase section */

/* Begin PBXSourcesBuildPhase section */
		7AD9AF2B2AE192840010A141 /* Sources */ = {
			isa = PBXSourcesBuildPhase;
			buildActionMask = 2147483647;
			files = (
				7A2CBF722AE33030009995CF /* DetailViewDataItem.swift in Sources */,
				7AD9AF6B2AE1A1E60010A141 /* SearchViewModel.swift in Sources */,
				7AD9AF9C2AE2A06D0010A141 /* DictionaryRepresentable.swift in Sources */,
				7A2CBF7E2AE46ECB009995CF /* SFSymbols.swift in Sources */,
				7AD9AF792AE1B40F0010A141 /* Strings.swift in Sources */,
				7AD9AF372AE192840010A141 /* SearchViewController.swift in Sources */,
				7A2CBF6E2AE320BF009995CF /* DetailViewModel.swift in Sources */,
				7A2CBF852AE5C4BB009995CF /* WebImageLoader.swift in Sources */,
				7AD9AF952AE2919D0010A141 /* LocalData.swift in Sources */,
				7ABDDABF2AE8133B00F13D8C /* SmartSearchFilter.swift in Sources */,
				7AD9AF832AE1D27E0010A141 /* Styles.swift in Sources */,
				7A2CBF762AE3D1D5009995CF /* UIEdgeInsets+Additions.swift in Sources */,
				7AD9AF332AE192840010A141 /* AppDelegate.swift in Sources */,
				7ABDDAC12AE834AD00F13D8C /* String+Numbers.swift in Sources */,
				7A2CBF642AE2ECB8009995CF /* SearchViewCell.swift in Sources */,
				7A2CBF702AE320D8009995CF /* DetailViewUI.swift in Sources */,
				7A2CBF692AE2F784009995CF /* Drink+Helper.swift in Sources */,
				7AD9AF852AE1DED20010A141 /* NSObject+Debounce.swift in Sources */,
				7AD9AF892AE1E5390010A141 /* API.swift in Sources */,
				7A2CBF742AE3CB3E009995CF /* DetailHeaderView.swift in Sources */,
				7AD9AF692AE1A1D50010A141 /* SearchViewUI.swift in Sources */,
				7A2CBF7C2AE40F7C009995CF /* TagView.swift in Sources */,
				7AD9AF352AE192840010A141 /* SceneDelegate.swift in Sources */,
				7A2CBF6C2AE320B0009995CF /* DetailViewController.swift in Sources */,
				7A2CBF662AE2EF87009995CF /* UITableViewCell+ID.swift in Sources */,
				7AD9AF902AE1EE190010A141 /* API+Model.swift in Sources */,
				7AD9AF8C2AE1E6310010A141 /* NetworkOperation.swift in Sources */,
				7AD9AF7E2AE1C3050010A141 /* EmptyDatasetView.swift in Sources */,
				7A2CBF812AE555BA009995CF /* VibrancyButton.swift in Sources */,
				7AD9AF3D2AE192840010A141 /* Cocktails.xcdatamodeld in Sources */,
				7AD9AF8E2AE1E64E0010A141 /* NetworkQueue.swift in Sources */,
				7AD9AF9F2AE2A9480010A141 /* CoreDataStack.swift in Sources */,
				7AD9AF922AE25C890010A141 /* API+Endpoint.swift in Sources */,
				7AD9AF7B2AE1B8290010A141 /* UIView+Anchors.swift in Sources */,
				7A2CBF622AE2E5A4009995CF /* SearchViewDataItem.swift in Sources */,
				7A2CBF782AE3F99D009995CF /* DetailViewCell.swift in Sources */,
				7A2CBF832AE567C0009995CF /* UINavigationBar+Transparency.swift in Sources */,
				7AD9AF722AE1A6310010A141 /* ViewModel.swift in Sources */,
				7AD9AF6D2AE1A5070010A141 /* ViewCoordinator.swift in Sources */,
			);
			runOnlyForDeploymentPostprocessing = 0;
		};
		7AD9AF442AE192870010A141 /* Sources */ = {
			isa = PBXSourcesBuildPhase;
			buildActionMask = 2147483647;
			files = (
				7AD9AF4D2AE192870010A141 /* CocktailsTests.swift in Sources */,
			);
			runOnlyForDeploymentPostprocessing = 0;
		};
		7AD9AF4E2AE192870010A141 /* Sources */ = {
			isa = PBXSourcesBuildPhase;
			buildActionMask = 2147483647;
			files = (
				7AD9AF592AE192870010A141 /* CocktailsUITestsLaunchTests.swift in Sources */,
				7AD9AF572AE192870010A141 /* CocktailsUITests.swift in Sources */,
			);
			runOnlyForDeploymentPostprocessing = 0;
		};
/* End PBXSourcesBuildPhase section */

/* Begin PBXTargetDependency section */
		7AD9AF4A2AE192870010A141 /* PBXTargetDependency */ = {
			isa = PBXTargetDependency;
			target = 7AD9AF2E2AE192840010A141 /* Cocktails */;
			targetProxy = 7AD9AF492AE192870010A141 /* PBXContainerItemProxy */;
		};
		7AD9AF542AE192870010A141 /* PBXTargetDependency */ = {
			isa = PBXTargetDependency;
			target = 7AD9AF2E2AE192840010A141 /* Cocktails */;
			targetProxy = 7AD9AF532AE192870010A141 /* PBXContainerItemProxy */;
		};
/* End PBXTargetDependency section */

/* Begin PBXVariantGroup section */
		7AD9AF402AE192870010A141 /* LaunchScreen.storyboard */ = {
			isa = PBXVariantGroup;
			children = (
				7AD9AF412AE192870010A141 /* Base */,
			);
			name = LaunchScreen.storyboard;
			sourceTree = "<group>";
		};
/* End PBXVariantGroup section */

/* Begin XCBuildConfiguration section */
		7AD9AF5A2AE192870010A141 /* Debug */ = {
			isa = XCBuildConfiguration;
			buildSettings = {
				ALWAYS_SEARCH_USER_PATHS = NO;
				ASSETCATALOG_COMPILER_GENERATE_SWIFT_ASSET_SYMBOL_EXTENSIONS = YES;
				CLANG_ANALYZER_NONNULL = YES;
				CLANG_ANALYZER_NUMBER_OBJECT_CONVERSION = YES_AGGRESSIVE;
				CLANG_CXX_LANGUAGE_STANDARD = "gnu++20";
				CLANG_ENABLE_MODULES = YES;
				CLANG_ENABLE_OBJC_ARC = YES;
				CLANG_ENABLE_OBJC_WEAK = YES;
				CLANG_WARN_BLOCK_CAPTURE_AUTORELEASING = YES;
				CLANG_WARN_BOOL_CONVERSION = YES;
				CLANG_WARN_COMMA = YES;
				CLANG_WARN_CONSTANT_CONVERSION = YES;
				CLANG_WARN_DEPRECATED_OBJC_IMPLEMENTATIONS = YES;
				CLANG_WARN_DIRECT_OBJC_ISA_USAGE = YES_ERROR;
				CLANG_WARN_DOCUMENTATION_COMMENTS = YES;
				CLANG_WARN_EMPTY_BODY = YES;
				CLANG_WARN_ENUM_CONVERSION = YES;
				CLANG_WARN_INFINITE_RECURSION = YES;
				CLANG_WARN_INT_CONVERSION = YES;
				CLANG_WARN_NON_LITERAL_NULL_CONVERSION = YES;
				CLANG_WARN_OBJC_IMPLICIT_RETAIN_SELF = YES;
				CLANG_WARN_OBJC_LITERAL_CONVERSION = YES;
				CLANG_WARN_OBJC_ROOT_CLASS = YES_ERROR;
				CLANG_WARN_QUOTED_INCLUDE_IN_FRAMEWORK_HEADER = YES;
				CLANG_WARN_RANGE_LOOP_ANALYSIS = YES;
				CLANG_WARN_STRICT_PROTOTYPES = YES;
				CLANG_WARN_SUSPICIOUS_MOVE = YES;
				CLANG_WARN_UNGUARDED_AVAILABILITY = YES_AGGRESSIVE;
				CLANG_WARN_UNREACHABLE_CODE = YES;
				CLANG_WARN__DUPLICATE_METHOD_MATCH = YES;
				COPY_PHASE_STRIP = NO;
				DEBUG_INFORMATION_FORMAT = dwarf;
				ENABLE_STRICT_OBJC_MSGSEND = YES;
				ENABLE_TESTABILITY = YES;
				ENABLE_USER_SCRIPT_SANDBOXING = YES;
				GCC_C_LANGUAGE_STANDARD = gnu17;
				GCC_DYNAMIC_NO_PIC = NO;
				GCC_NO_COMMON_BLOCKS = YES;
				GCC_OPTIMIZATION_LEVEL = 0;
				GCC_PREPROCESSOR_DEFINITIONS = (
					"DEBUG=1",
					"$(inherited)",
				);
				GCC_WARN_64_TO_32_BIT_CONVERSION = YES;
				GCC_WARN_ABOUT_RETURN_TYPE = YES_ERROR;
				GCC_WARN_UNDECLARED_SELECTOR = YES;
				GCC_WARN_UNINITIALIZED_AUTOS = YES_AGGRESSIVE;
				GCC_WARN_UNUSED_FUNCTION = YES;
				GCC_WARN_UNUSED_VARIABLE = YES;
				IPHONEOS_DEPLOYMENT_TARGET = 17.0;
				LOCALIZATION_PREFERS_STRING_CATALOGS = YES;
				MTL_ENABLE_DEBUG_INFO = INCLUDE_SOURCE;
				MTL_FAST_MATH = YES;
				ONLY_ACTIVE_ARCH = YES;
				SDKROOT = iphoneos;
				SWIFT_ACTIVE_COMPILATION_CONDITIONS = "DEBUG $(inherited)";
				SWIFT_OPTIMIZATION_LEVEL = "-Onone";
			};
			name = Debug;
		};
		7AD9AF5B2AE192870010A141 /* Release */ = {
			isa = XCBuildConfiguration;
			buildSettings = {
				ALWAYS_SEARCH_USER_PATHS = NO;
				ASSETCATALOG_COMPILER_GENERATE_SWIFT_ASSET_SYMBOL_EXTENSIONS = YES;
				CLANG_ANALYZER_NONNULL = YES;
				CLANG_ANALYZER_NUMBER_OBJECT_CONVERSION = YES_AGGRESSIVE;
				CLANG_CXX_LANGUAGE_STANDARD = "gnu++20";
				CLANG_ENABLE_MODULES = YES;
				CLANG_ENABLE_OBJC_ARC = YES;
				CLANG_ENABLE_OBJC_WEAK = YES;
				CLANG_WARN_BLOCK_CAPTURE_AUTORELEASING = YES;
				CLANG_WARN_BOOL_CONVERSION = YES;
				CLANG_WARN_COMMA = YES;
				CLANG_WARN_CONSTANT_CONVERSION = YES;
				CLANG_WARN_DEPRECATED_OBJC_IMPLEMENTATIONS = YES;
				CLANG_WARN_DIRECT_OBJC_ISA_USAGE = YES_ERROR;
				CLANG_WARN_DOCUMENTATION_COMMENTS = YES;
				CLANG_WARN_EMPTY_BODY = YES;
				CLANG_WARN_ENUM_CONVERSION = YES;
				CLANG_WARN_INFINITE_RECURSION = YES;
				CLANG_WARN_INT_CONVERSION = YES;
				CLANG_WARN_NON_LITERAL_NULL_CONVERSION = YES;
				CLANG_WARN_OBJC_IMPLICIT_RETAIN_SELF = YES;
				CLANG_WARN_OBJC_LITERAL_CONVERSION = YES;
				CLANG_WARN_OBJC_ROOT_CLASS = YES_ERROR;
				CLANG_WARN_QUOTED_INCLUDE_IN_FRAMEWORK_HEADER = YES;
				CLANG_WARN_RANGE_LOOP_ANALYSIS = YES;
				CLANG_WARN_STRICT_PROTOTYPES = YES;
				CLANG_WARN_SUSPICIOUS_MOVE = YES;
				CLANG_WARN_UNGUARDED_AVAILABILITY = YES_AGGRESSIVE;
				CLANG_WARN_UNREACHABLE_CODE = YES;
				CLANG_WARN__DUPLICATE_METHOD_MATCH = YES;
				COPY_PHASE_STRIP = NO;
				DEBUG_INFORMATION_FORMAT = "dwarf-with-dsym";
				ENABLE_NS_ASSERTIONS = NO;
				ENABLE_STRICT_OBJC_MSGSEND = YES;
				ENABLE_USER_SCRIPT_SANDBOXING = YES;
				GCC_C_LANGUAGE_STANDARD = gnu17;
				GCC_NO_COMMON_BLOCKS = YES;
				GCC_WARN_64_TO_32_BIT_CONVERSION = YES;
				GCC_WARN_ABOUT_RETURN_TYPE = YES_ERROR;
				GCC_WARN_UNDECLARED_SELECTOR = YES;
				GCC_WARN_UNINITIALIZED_AUTOS = YES_AGGRESSIVE;
				GCC_WARN_UNUSED_FUNCTION = YES;
				GCC_WARN_UNUSED_VARIABLE = YES;
				IPHONEOS_DEPLOYMENT_TARGET = 17.0;
				LOCALIZATION_PREFERS_STRING_CATALOGS = YES;
				MTL_ENABLE_DEBUG_INFO = NO;
				MTL_FAST_MATH = YES;
				SDKROOT = iphoneos;
				SWIFT_COMPILATION_MODE = wholemodule;
				VALIDATE_PRODUCT = YES;
			};
			name = Release;
		};
		7AD9AF5D2AE192870010A141 /* Debug */ = {
			isa = XCBuildConfiguration;
			buildSettings = {
				ASSETCATALOG_COMPILER_APPICON_NAME = AppIcon;
				ASSETCATALOG_COMPILER_GLOBAL_ACCENT_COLOR_NAME = AccentColor;
				CODE_SIGN_STYLE = Automatic;
				CURRENT_PROJECT_VERSION = 1;
				DEVELOPMENT_TEAM = BGZ479J67C;
				GENERATE_INFOPLIST_FILE = YES;
				INFOPLIST_FILE = Cocktails/Info.plist;
				INFOPLIST_KEY_UIApplicationSupportsIndirectInputEvents = YES;
				INFOPLIST_KEY_UILaunchStoryboardName = LaunchScreen;
				INFOPLIST_KEY_UISupportedInterfaceOrientations_iPad = "UIInterfaceOrientationPortrait UIInterfaceOrientationPortraitUpsideDown UIInterfaceOrientationLandscapeLeft UIInterfaceOrientationLandscapeRight";
				INFOPLIST_KEY_UISupportedInterfaceOrientations_iPhone = "UIInterfaceOrientationPortrait UIInterfaceOrientationLandscapeLeft UIInterfaceOrientationLandscapeRight";
				IPHONEOS_DEPLOYMENT_TARGET = 15.0;
				LD_RUNPATH_SEARCH_PATHS = (
					"$(inherited)",
					"@executable_path/Frameworks",
				);
				MARKETING_VERSION = 1.0;
				PRODUCT_BUNDLE_IDENTIFIER = com.codecommittee.Cocktails;
				PRODUCT_NAME = "$(TARGET_NAME)";
				SWIFT_EMIT_LOC_STRINGS = YES;
				SWIFT_VERSION = 5.0;
				TARGETED_DEVICE_FAMILY = "1,2";
			};
			name = Debug;
		};
		7AD9AF5E2AE192870010A141 /* Release */ = {
			isa = XCBuildConfiguration;
			buildSettings = {
				ASSETCATALOG_COMPILER_APPICON_NAME = AppIcon;
				ASSETCATALOG_COMPILER_GLOBAL_ACCENT_COLOR_NAME = AccentColor;
				CODE_SIGN_STYLE = Automatic;
				CURRENT_PROJECT_VERSION = 1;
				DEVELOPMENT_TEAM = BGZ479J67C;
				GENERATE_INFOPLIST_FILE = YES;
				INFOPLIST_FILE = Cocktails/Info.plist;
				INFOPLIST_KEY_UIApplicationSupportsIndirectInputEvents = YES;
				INFOPLIST_KEY_UILaunchStoryboardName = LaunchScreen;
				INFOPLIST_KEY_UISupportedInterfaceOrientations_iPad = "UIInterfaceOrientationPortrait UIInterfaceOrientationPortraitUpsideDown UIInterfaceOrientationLandscapeLeft UIInterfaceOrientationLandscapeRight";
				INFOPLIST_KEY_UISupportedInterfaceOrientations_iPhone = "UIInterfaceOrientationPortrait UIInterfaceOrientationLandscapeLeft UIInterfaceOrientationLandscapeRight";
				IPHONEOS_DEPLOYMENT_TARGET = 15.0;
				LD_RUNPATH_SEARCH_PATHS = (
					"$(inherited)",
					"@executable_path/Frameworks",
				);
				MARKETING_VERSION = 1.0;
				PRODUCT_BUNDLE_IDENTIFIER = com.codecommittee.Cocktails;
				PRODUCT_NAME = "$(TARGET_NAME)";
				SWIFT_EMIT_LOC_STRINGS = YES;
				SWIFT_VERSION = 5.0;
				TARGETED_DEVICE_FAMILY = "1,2";
			};
			name = Release;
		};
		7AD9AF602AE192870010A141 /* Debug */ = {
			isa = XCBuildConfiguration;
			buildSettings = {
				ALWAYS_EMBED_SWIFT_STANDARD_LIBRARIES = YES;
				BUNDLE_LOADER = "$(TEST_HOST)";
				CODE_SIGN_STYLE = Automatic;
				CURRENT_PROJECT_VERSION = 1;
				DEVELOPMENT_TEAM = BGZ479J67C;
				GENERATE_INFOPLIST_FILE = YES;
				IPHONEOS_DEPLOYMENT_TARGET = 17.0;
				MARKETING_VERSION = 1.0;
				PRODUCT_BUNDLE_IDENTIFIER = com.codecommittee.CocktailsTests;
				PRODUCT_NAME = "$(TARGET_NAME)";
				SWIFT_EMIT_LOC_STRINGS = NO;
				SWIFT_VERSION = 5.0;
				TARGETED_DEVICE_FAMILY = "1,2";
				TEST_HOST = "$(BUILT_PRODUCTS_DIR)/Cocktails.app/$(BUNDLE_EXECUTABLE_FOLDER_PATH)/Cocktails";
			};
			name = Debug;
		};
		7AD9AF612AE192870010A141 /* Release */ = {
			isa = XCBuildConfiguration;
			buildSettings = {
				ALWAYS_EMBED_SWIFT_STANDARD_LIBRARIES = YES;
				BUNDLE_LOADER = "$(TEST_HOST)";
				CODE_SIGN_STYLE = Automatic;
				CURRENT_PROJECT_VERSION = 1;
				DEVELOPMENT_TEAM = BGZ479J67C;
				GENERATE_INFOPLIST_FILE = YES;
				IPHONEOS_DEPLOYMENT_TARGET = 17.0;
				MARKETING_VERSION = 1.0;
				PRODUCT_BUNDLE_IDENTIFIER = com.codecommittee.CocktailsTests;
				PRODUCT_NAME = "$(TARGET_NAME)";
				SWIFT_EMIT_LOC_STRINGS = NO;
				SWIFT_VERSION = 5.0;
				TARGETED_DEVICE_FAMILY = "1,2";
				TEST_HOST = "$(BUILT_PRODUCTS_DIR)/Cocktails.app/$(BUNDLE_EXECUTABLE_FOLDER_PATH)/Cocktails";
			};
			name = Release;
		};
		7AD9AF632AE192870010A141 /* Debug */ = {
			isa = XCBuildConfiguration;
			buildSettings = {
				ALWAYS_EMBED_SWIFT_STANDARD_LIBRARIES = YES;
				CODE_SIGN_STYLE = Automatic;
				CURRENT_PROJECT_VERSION = 1;
				DEVELOPMENT_TEAM = BGZ479J67C;
				GENERATE_INFOPLIST_FILE = YES;
				MARKETING_VERSION = 1.0;
				PRODUCT_BUNDLE_IDENTIFIER = com.codecommittee.CocktailsUITests;
				PRODUCT_NAME = "$(TARGET_NAME)";
				SWIFT_EMIT_LOC_STRINGS = NO;
				SWIFT_VERSION = 5.0;
				TARGETED_DEVICE_FAMILY = "1,2";
				TEST_TARGET_NAME = Cocktails;
			};
			name = Debug;
		};
		7AD9AF642AE192870010A141 /* Release */ = {
			isa = XCBuildConfiguration;
			buildSettings = {
				ALWAYS_EMBED_SWIFT_STANDARD_LIBRARIES = YES;
				CODE_SIGN_STYLE = Automatic;
				CURRENT_PROJECT_VERSION = 1;
				DEVELOPMENT_TEAM = BGZ479J67C;
				GENERATE_INFOPLIST_FILE = YES;
				MARKETING_VERSION = 1.0;
				PRODUCT_BUNDLE_IDENTIFIER = com.codecommittee.CocktailsUITests;
				PRODUCT_NAME = "$(TARGET_NAME)";
				SWIFT_EMIT_LOC_STRINGS = NO;
				SWIFT_VERSION = 5.0;
				TARGETED_DEVICE_FAMILY = "1,2";
				TEST_TARGET_NAME = Cocktails;
			};
			name = Release;
		};
/* End XCBuildConfiguration section */

/* Begin XCConfigurationList section */
		7AD9AF2A2AE192840010A141 /* Build configuration list for PBXProject "Cocktails" */ = {
			isa = XCConfigurationList;
			buildConfigurations = (
				7AD9AF5A2AE192870010A141 /* Debug */,
				7AD9AF5B2AE192870010A141 /* Release */,
			);
			defaultConfigurationIsVisible = 0;
			defaultConfigurationName = Release;
		};
		7AD9AF5C2AE192870010A141 /* Build configuration list for PBXNativeTarget "Cocktails" */ = {
			isa = XCConfigurationList;
			buildConfigurations = (
				7AD9AF5D2AE192870010A141 /* Debug */,
				7AD9AF5E2AE192870010A141 /* Release */,
			);
			defaultConfigurationIsVisible = 0;
			defaultConfigurationName = Release;
		};
		7AD9AF5F2AE192870010A141 /* Build configuration list for PBXNativeTarget "CocktailsTests" */ = {
			isa = XCConfigurationList;
			buildConfigurations = (
				7AD9AF602AE192870010A141 /* Debug */,
				7AD9AF612AE192870010A141 /* Release */,
			);
			defaultConfigurationIsVisible = 0;
			defaultConfigurationName = Release;
		};
		7AD9AF622AE192870010A141 /* Build configuration list for PBXNativeTarget "CocktailsUITests" */ = {
			isa = XCConfigurationList;
			buildConfigurations = (
				7AD9AF632AE192870010A141 /* Debug */,
				7AD9AF642AE192870010A141 /* Release */,
			);
			defaultConfigurationIsVisible = 0;
			defaultConfigurationName = Release;
		};
/* End XCConfigurationList section */

/* Begin XCVersionGroup section */
		7AD9AF3B2AE192840010A141 /* Cocktails.xcdatamodeld */ = {
			isa = XCVersionGroup;
			children = (
				7AD9AF3C2AE192840010A141 /* Cocktails.xcdatamodel */,
			);
			currentVersion = 7AD9AF3C2AE192840010A141 /* Cocktails.xcdatamodel */;
			path = Cocktails.xcdatamodeld;
			sourceTree = "<group>";
			versionGroupType = wrapper.xcdatamodel;
		};
/* End XCVersionGroup section */
	};
	rootObject = 7AD9AF272AE192840010A141 /* Project object */;
}
